{
  "name": "attempttwo",
  "version": "1.0.0",
  "lockfileVersion": 2,
  "requires": true,
  "packages": {
    "": {
      "name": "attempttwo",
      "version": "1.0.0",
      "license": "ISC",
      "workspaces": [
        "packages\\api",
        "packages\\core",
        "packages\\shared"
      ]
    },
    "node_modules/@retailer-api/api": {
      "resolved": "packages/api",
      "link": true
    },
    "node_modules/@retailer-api/core": {
      "resolved": "packages/core",
      "link": true
    },
    "node_modules/@retailer-api/shared": {
      "resolved": "packages/shared",
      "link": true
    },
    "packages/api": {
      "name": "@retailer-api/api",
      "version": "1.0.0",
      "license": "ISC",
      "dependencies": {
        "@retailer-api/shared": "^1.0.0"
      }
    },
    "packages/core": {
      "name": "@retailer-api/core",
      "version": "1.0.0",
      "license": "ISC",
      "dependencies": {
        "@retailer-api/shared": "^1.0.0"
      }
    },
    "packages/shared": {
      "name": "@retailer-api/shared",
      "version": "1.0.0",
      "license": "ISC"
    }
  },
  "dependencies": {
    "@retailer-api/api": {
      "version": "file:packages/api",
      "requires": {
        "@retailer-api/shared": "^1.0.0"
      }
    },
    "@retailer-api/core": {
      "version": "file:packages/core",
      "requires": {
        "@retailer-api/shared": "^1.0.0"
      }
    },
    "@retailer-api/shared": {
      "version": "file:packages/shared"
    }
  }
}
